
Microsoft Visual Studio Solution File, Format Version 12.00
# Visual Studio Version 17
VisualStudioVersion = 17.1.32210.238
MinimumVisualStudioVersion = 10.0.40219.1
Project("{FAE04EC0-301F-11D3-BF4B-00C04F79EFBC}") = "HashSet", "HashSet.csproj", "{54AA52E6-E133-4BE5-80EE-B91D43813C1F}"
EndProject
Global
	GlobalSection(SolutionConfigurationPlatforms) = preSolution
		Debug|Any CPU = Debug|Any CPU
		Release|Any CPU = Release|Any CPU
	EndGlobalSection
	GlobalSection(ProjectConfigurationPlatforms) = postSolution
		{54AA52E6-E133-4BE5-80EE-B91D43813C1F}.Debug|Any CPU.ActiveCfg = Debug|Any CPU
		{54AA52E6-E133-4BE5-80EE-B91D43813C1F}.Debug|Any CPU.Build.0 = Debug|Any CPU
		{54AA52E6-E133-4BE5-80EE-B91D43813C1F}.Release|Any CPU.ActiveCfg = Release|Any CPU
		{54AA52E6-E133-4BE5-80EE-B91D43813C1F}.Release|Any CPU.Build.0 = Release|Any CPU
	EndGlobalSection
	GlobalSection(SolutionProperties) = preSolution
		HideSolutionNode = FALSE
	EndGlobalSection
	GlobalSection(ExtensibilityGlobals) = postSolution
		SolutionGuid = {0EF30699-3F29-48B6-94CA-C94173FDE168}
	EndGlobalSection
EndGlobal
