
Microsoft Visual Studio Solution File, Format Version 12.00
# Visual Studio Version 17
VisualStudioVersion = 17.1.32407.343
MinimumVisualStudioVersion = 10.0.40219.1
Project("{FAE04EC0-301F-11D3-BF4B-00C04F79EFBC}") = "MinimumSubsetDifference", "MinimumSubsetDifference.csproj", "{9B2F2C93-7D62-4C17-B04C-DF31AA555447}"
EndProject
Global
	GlobalSection(SolutionConfigurationPlatforms) = preSolution
		Debug|Any CPU = Debug|Any CPU
		Release|Any CPU = Release|Any CPU
	EndGlobalSection
	GlobalSection(ProjectConfigurationPlatforms) = postSolution
		{9B2F2C93-7D62-4C17-B04C-DF31AA555447}.Debug|Any CPU.ActiveCfg = Debug|Any CPU
		{9B2F2C93-7D62-4C17-B04C-DF31AA555447}.Debug|Any CPU.Build.0 = Debug|Any CPU
		{9B2F2C93-7D62-4C17-B04C-DF31AA555447}.Release|Any CPU.ActiveCfg = Release|Any CPU
		{9B2F2C93-7D62-4C17-B04C-DF31AA555447}.Release|Any CPU.Build.0 = Release|Any CPU
	EndGlobalSection
	GlobalSection(SolutionProperties) = preSolution
		HideSolutionNode = FALSE
	EndGlobalSection
	GlobalSection(ExtensibilityGlobals) = postSolution
		SolutionGuid = {9B3A02F7-474E-4F3E-B01B-220F4AEC7B39}
	EndGlobalSection
EndGlobal
